<?xml version="1.0" encoding="utf-8"?>
<Project ToolsVersion="4.0" xmlns="http://schemas.microsoft.com/developer/msbuild/2003">
  <ItemGroup>
    <ClCompile Include="GenshinTianLiBattleClient.cpp" />
    <ClCompile Include="main.cpp" />
  </ItemGroup>
  <ItemGroup>
    <QtMoc Include="GenshinTianLiBattleClient.h" />
  </ItemGroup>
  <ItemGroup>
    <QtUic Include="GenshinTianLiBattleClient.ui" />
  </ItemGroup>
  <ItemGroup>
    <Filter Include="def">
      <UniqueIdentifier>{01a45dd2-9092-4744-9cd7-2f489edbb38d}</UniqueIdentifier>
    </Filter>
    <Filter Include="def\api">
      <UniqueIdentifier>{f3f8979e-20eb-4b9c-97df-15f6ae17afab}</UniqueIdentifier>
    </Filter>
    <Filter Include="def\version">
      <UniqueIdentifier>{fe871236-8e15-42f2-8bba-0d0417c131d5}</UniqueIdentifier>
    </Filter>
    <Filter Include="资源">
      <UniqueIdentifier>{8880f11b-568c-4693-a080-d6e9bb13fe9a}</UniqueIdentifier>
    </Filter>
  </ItemGroup>
  <ItemGroup>
    <ClInclude Include="def\api\Api.h">
      <Filter>def\api</Filter>
    </ClInclude>
    <ClInclude Include="def\version\Version.h">
      <Filter>def\version</Filter>
    </ClInclude>
    <ClInclude Include="resource.h">
      <Filter>资源</Filter>
    </ClInclude>
  </ItemGroup>
  <ItemGroup>
    <ResourceCompile Include="GenshinTianLiBattleClientIcon.rc">
      <Filter>资源</Filter>
    </ResourceCompile>
    <ResourceCompile Include="GenshinTianLiBattleClient.rc">
      <Filter>资源</Filter>
    </ResourceCompile>
  </ItemGroup>
  <ItemGroup>
    <Image Include="resource\icon\Icon.ico">
      <Filter>资源</Filter>
    </Image>
  </ItemGroup>
  <ItemGroup>
    <QtRcc Include="GenshinTianLiBattleClient.qrc">
      <Filter>资源</Filter>
    </QtRcc>
  </ItemGroup>
</Project>